
Microsoft Visual Studio Solution File, Format Version 12.00
# Visual Studio Version 17
VisualStudioVersion = 17.9.34723.18
MinimumVisualStudioVersion = 10.0.40219.1
Project("{FAE04EC0-301F-11D3-BF4B-00C04F79EFBC}") = "salesperson-menu", "salesperson-menu\salesperson-menu.csproj", "{B74F8D9A-8594-40E5-BC06-4384B6148CA0}"
EndProject
Global
	GlobalSection(SolutionConfigurationPlatforms) = preSolution
		Debug|Any CPU = Debug|Any CPU
		Release|Any CPU = Release|Any CPU
	EndGlobalSection
	GlobalSection(ProjectConfigurationPlatforms) = postSolution
		{B74F8D9A-8594-40E5-BC06-4384B6148CA0}.Debug|Any CPU.ActiveCfg = Debug|Any CPU
		{B74F8D9A-8594-40E5-BC06-4384B6148CA0}.Debug|Any CPU.Build.0 = Debug|Any CPU
		{B74F8D9A-8594-40E5-BC06-4384B6148CA0}.Release|Any CPU.ActiveCfg = Release|Any CPU
		{B74F8D9A-8594-40E5-BC06-4384B6148CA0}.Release|Any CPU.Build.0 = Release|Any CPU
	EndGlobalSection
	GlobalSection(SolutionProperties) = preSolution
		HideSolutionNode = FALSE
	EndGlobalSection
	GlobalSection(ExtensibilityGlobals) = postSolution
		SolutionGuid = {208F3115-D31E-4B4C-9DAD-8281C39DEABD}
	EndGlobalSection
EndGlobal
